
Microsoft Visual Studio Solution File, Format Version 12.00
# Visual Studio 15
VisualStudioVersion = 15.0.27428.2015
MinimumVisualStudioVersion = 10.0.40219.1
Project("{FAE04EC0-301F-11D3-BF4B-00C04F79EFBC}") = "Asphalt.Controls", "Asphalt.Controls\Asphalt.Controls.csproj", "{66B9827F-A32D-4724-9E96-468E06F03373}"
EndProject
Project("{FAE04EC0-301F-11D3-BF4B-00C04F79EFBC}") = "Asphalt.Demo", "Asphalt.Demo\Asphalt.Demo.csproj", "{0E7EBB1E-6CFF-4679-8DB1-695E6DD9A78E}"
EndProject
Project("{FAE04EC0-301F-11D3-BF4B-00C04F79EFBC}") = "Asphalt.Fonts", "Asphalt.Fonts\Asphalt.Fonts.csproj", "{32695BFD-AA28-4AFE-9007-3C97BB9507EA}"
EndProject
Global
	GlobalSection(SolutionConfigurationPlatforms) = preSolution
		Debug|Any CPU = Debug|Any CPU
		Release|Any CPU = Release|Any CPU
	EndGlobalSection
	GlobalSection(ProjectConfigurationPlatforms) = postSolution
		{66B9827F-A32D-4724-9E96-468E06F03373}.Debug|Any CPU.ActiveCfg = Debug|Any CPU
		{66B9827F-A32D-4724-9E96-468E06F03373}.Debug|Any CPU.Build.0 = Debug|Any CPU
		{66B9827F-A32D-4724-9E96-468E06F03373}.Release|Any CPU.ActiveCfg = Release|Any CPU
		{66B9827F-A32D-4724-9E96-468E06F03373}.Release|Any CPU.Build.0 = Release|Any CPU
		{0E7EBB1E-6CFF-4679-8DB1-695E6DD9A78E}.Debug|Any CPU.ActiveCfg = Debug|Any CPU
		{0E7EBB1E-6CFF-4679-8DB1-695E6DD9A78E}.Debug|Any CPU.Build.0 = Debug|Any CPU
		{0E7EBB1E-6CFF-4679-8DB1-695E6DD9A78E}.Release|Any CPU.ActiveCfg = Release|Any CPU
		{0E7EBB1E-6CFF-4679-8DB1-695E6DD9A78E}.Release|Any CPU.Build.0 = Release|Any CPU
		{32695BFD-AA28-4AFE-9007-3C97BB9507EA}.Debug|Any CPU.ActiveCfg = Debug|Any CPU
		{32695BFD-AA28-4AFE-9007-3C97BB9507EA}.Debug|Any CPU.Build.0 = Debug|Any CPU
		{32695BFD-AA28-4AFE-9007-3C97BB9507EA}.Release|Any CPU.ActiveCfg = Release|Any CPU
		{32695BFD-AA28-4AFE-9007-3C97BB9507EA}.Release|Any CPU.Build.0 = Release|Any CPU
	EndGlobalSection
	GlobalSection(SolutionProperties) = preSolution
		HideSolutionNode = FALSE
	EndGlobalSection
	GlobalSection(ExtensibilityGlobals) = postSolution
		SolutionGuid = {7943D802-E0FB-4C32-9BF1-8FFC9DA0BD33}
	EndGlobalSection
EndGlobal
